// !$*UTF8*$!
{
	archiveVersion = 1;
	classes = {
	};
	objectVersion = 50;
	objects = {

/* Begin PBXBuildFile section */
		CD4B7412265F20230003DA85 /* AmbienceApp.swift in Sources */ = {isa = PBXBuildFile; fileRef = CD4B73FF265F20220003DA85 /* AmbienceApp.swift */; };
		CD4B7413265F20230003DA85 /* AmbienceApp.swift in Sources */ = {isa = PBXBuildFile; fileRef = CD4B73FF265F20220003DA85 /* AmbienceApp.swift */; };
		CD4B7414265F20230003DA85 /* ContentView.swift in Sources */ = {isa = PBXBuildFile; fileRef = CD4B7400265F20220003DA85 /* ContentView.swift */; };
		CD4B7415265F20230003DA85 /* ContentView.swift in Sources */ = {isa = PBXBuildFile; fileRef = CD4B7400265F20220003DA85 /* ContentView.swift */; };
		CD4B7416265F20230003DA85 /* Assets.xcassets in Resources */ = {isa = PBXBuildFile; fileRef = CD4B7401265F20230003DA85 /* Assets.xcassets */; };
		CD4B7417265F20230003DA85 /* Assets.xcassets in Resources */ = {isa = PBXBuildFile; fileRef = CD4B7401265F20230003DA85 /* Assets.xcassets */; };
/* End PBXBuildFile section */

/* Begin PBXFileReference section */
		CD4B73FF265F20220003DA85 /* AmbienceApp.swift */ = {isa = PBXFileReference; lastKnownFileType = sourcecode.swift; path = AmbienceApp.swift; sourceTree = "<group>"; };
		CD4B7400265F20220003DA85 /* ContentView.swift */ = {isa = PBXFileReference; lastKnownFileType = sourcecode.swift; path = ContentView.swift; sourceTree = "<group>"; };
		CD4B7401265F20230003DA85 /* Assets.xcassets */ = {isa = PBXFileReference; lastKnownFileType = folder.assetcatalog; path = Assets.xcassets; sourceTree = "<group>"; };
		CD4B7406265F20230003DA85 /* Ambience.app */ = {isa = PBXFileReference; explicitFileType = wrapper.application; includeInIndex = 0; path = Ambience.app; sourceTree = BUILT_PRODUCTS_DIR; };
		CD4B7409265F20230003DA85 /* Info.plist */ = {isa = PBXFileReference; lastKnownFileType = text.plist.xml; path = Info.plist; sourceTree = "<group>"; };
		CD4B740E265F20230003DA85 /* Ambience.app */ = {isa = PBXFileReference; explicitFileType = wrapper.application; includeInIndex = 0; path = Ambience.app; sourceTree = BUILT_PRODUCTS_DIR; };
		CD4B7410265F20230003DA85 /* Info.plist */ = {isa = PBXFileReference; lastKnownFileType = text.plist.xml; path = Info.plist; sourceTree = "<group>"; };
		CD4B7411265F20230003DA85 /* macOS.entitlements */ = {isa = PBXFileReference; lastKnownFileType = text.plist.entitlements; path = macOS.entitlements; sourceTree = "<group>"; };
/* End PBXFileReference section */

/* Begin PBXFrameworksBuildPhase section */
		CD4B7403265F20230003DA85 /* Frameworks */ = {
			isa = PBXFrameworksBuildPhase;
			buildActionMask = 2147483647;
			files = (
			);
			runOnlyForDeploymentPostprocessing = 0;
		};
		CD4B740B265F20230003DA85 /* Frameworks */ = {
			isa = PBXFrameworksBuildPhase;
			buildActionMask = 2147483647;
			files = (
			);
			runOnlyForDeploymentPostprocessing = 0;
		};
/* End PBXFrameworksBuildPhase section */

/* Begin PBXGroup section */
		CD4B73F9265F20210003DA85 = {
			isa = PBXGroup;
			children = (
				CD4B73FE265F20220003DA85 /* Shared */,
				CD4B7408265F20230003DA85 /* iOS */,
				CD4B740F265F20230003DA85 /* macOS */,
				CD4B7407265F20230003DA85 /* Products */,
			);
			sourceTree = "<group>";
		};
		CD4B73FE265F20220003DA85 /* Shared */ = {
			isa = PBXGroup;
			children = (
				CD4B73FF265F20220003DA85 /* AmbienceApp.swift */,
				CD4B7400265F20220003DA85 /* ContentView.swift */,
				CD4B7401265F20230003DA85 /* Assets.xcassets */,
			);
			path = Shared;
			sourceTree = "<group>";
		};
		CD4B7407265F20230003DA85 /* Products */ = {
			isa = PBXGroup;
			children = (
				CD4B7406265F20230003DA85 /* Ambience.app */,
				CD4B740E265F20230003DA85 /* Ambience.app */,
			);
			name = Products;
			sourceTree = "<group>";
		};
		CD4B7408265F20230003DA85 /* iOS */ = {
			isa = PBXGroup;
			children = (
				CD4B7409265F20230003DA85 /* Info.plist */,
			);
			path = iOS;
			sourceTree = "<group>";
		};
		CD4B740F265F20230003DA85 /* macOS */ = {
			isa = PBXGroup;
			children = (
				CD4B7410265F20230003DA85 /* Info.plist */,
				CD4B7411265F20230003DA85 /* macOS.entitlements */,
			);
			path = macOS;
			sourceTree = "<group>";
		};
/* End PBXGroup section */

/* Begin PBXNativeTarget section */
		CD4B7405265F20230003DA85 /* Ambience (iOS) */ = {
			isa = PBXNativeTarget;
			buildConfigurationList = CD4B741A265F20230003DA85 /* Build configuration list for PBXNativeTarget "Ambience (iOS)" */;
			buildPhases = (
				CD4B7402265F20230003DA85 /* Sources */,
				CD4B7403265F20230003DA85 /* Frameworks */,
				CD4B7404265F20230003DA85 /* Resources */,
			);
			buildRules = (
			);
			dependencies = (
			);
			name = "Ambience (iOS)";
			productName = "Ambience (iOS)";
			productReference = CD4B7406265F20230003DA85 /* Ambience.app */;
			productType = "com.apple.product-type.application";
		};
		CD4B740D265F20230003DA85 /* Ambience (macOS) */ = {
			isa = PBXNativeTarget;
			buildConfigurationList = CD4B741D265F20230003DA85 /* Build configuration list for PBXNativeTarget "Ambience (macOS)" */;
			buildPhases = (
				CD4B740A265F20230003DA85 /* Sources */,
				CD4B740B265F20230003DA85 /* Frameworks */,
				CD4B740C265F20230003DA85 /* Resources */,
			);
			buildRules = (
			);
			dependencies = (
			);
			name = "Ambience (macOS)";
			productName = "Ambience (macOS)";
			productReference = CD4B740E265F20230003DA85 /* Ambience.app */;
			productType = "com.apple.product-type.application";
		};
/* End PBXNativeTarget section */

/* Begin PBXProject section */
		CD4B73FA265F20210003DA85 /* Project object */ = {
			isa = PBXProject;
			attributes = {
				LastSwiftUpdateCheck = 1250;
				LastUpgradeCheck = 1250;
				TargetAttributes = {
					CD4B7405265F20230003DA85 = {
						CreatedOnToolsVersion = 12.5;
					};
					CD4B740D265F20230003DA85 = {
						CreatedOnToolsVersion = 12.5;
					};
				};
			};
			buildConfigurationList = CD4B73FD265F20210003DA85 /* Build configuration list for PBXProject "Ambience" */;
			compatibilityVersion = "Xcode 9.3";
			developmentRegion = en;
			hasScannedForEncodings = 0;
			knownRegions = (
				en,
				Base,
			);
			mainGroup = CD4B73F9265F20210003DA85;
			productRefGroup = CD4B7407265F20230003DA85 /* Products */;
			projectDirPath = "";
			projectRoot = "";
			targets = (
				CD4B7405265F20230003DA85 /* Ambience (iOS) */,
				CD4B740D265F20230003DA85 /* Ambience (macOS) */,
			);
		};
/* End PBXProject section */

/* Begin PBXResourcesBuildPhase section */
		CD4B7404265F20230003DA85 /* Resources */ = {
			isa = PBXResourcesBuildPhase;
			buildActionMask = 2147483647;
			files = (
				CD4B7416265F20230003DA85 /* Assets.xcassets in Resources */,
			);
			runOnlyForDeploymentPostprocessing = 0;
		};
		CD4B740C265F20230003DA85 /* Resources */ = {
			isa = PBXResourcesBuildPhase;
			buildActionMask = 2147483647;
			files = (
				CD4B7417265F20230003DA85 /* Assets.xcassets in Resources */,
			);
			runOnlyForDeploymentPostprocessing = 0;
		};
/* End PBXResourcesBuildPhase section */

/* Begin PBXSourcesBuildPhase section */
		CD4B7402265F20230003DA85 /* Sources */ = {
			isa = PBXSourcesBuildPhase;
			buildActionMask = 2147483647;
			files = (
				CD4B7414265F20230003DA85 /* ContentView.swift in Sources */,
				CD4B7412265F20230003DA85 /* AmbienceApp.swift in Sources */,
			);
			runOnlyForDeploymentPostprocessing = 0;
		};
		CD4B740A265F20230003DA85 /* Sources */ = {
			isa = PBXSourcesBuildPhase;
			buildActionMask = 2147483647;
			files = (
				CD4B7415265F20230003DA85 /* ContentView.swift in Sources */,
				CD4B7413265F20230003DA85 /* AmbienceApp.swift in Sources */,
			);
			runOnlyForDeploymentPostprocessing = 0;
		};
/* End PBXSourcesBuildPhase section */

/* Begin XCBuildConfiguration section */
		CD4B7418265F20230003DA85 /* Debug */ = {
			isa = XCBuildConfiguration;
			buildSettings = {
				ALWAYS_SEARCH_USER_PATHS = NO;
				CLANG_ANALYZER_NONNULL = YES;
				CLANG_ANALYZER_NUMBER_OBJECT_CONVERSION = YES_AGGRESSIVE;
				CLANG_CXX_LANGUAGE_STANDARD = "gnu++14";
				CLANG_CXX_LIBRARY = "libc++";
				CLANG_ENABLE_MODULES = YES;
				CLANG_ENABLE_OBJC_ARC = YES;
				CLANG_ENABLE_OBJC_WEAK = YES;
				CLANG_WARN_BLOCK_CAPTURE_AUTORELEASING = YES;
				CLANG_WARN_BOOL_CONVERSION = YES;
				CLANG_WARN_COMMA = YES;
				CLANG_WARN_CONSTANT_CONVERSION = YES;
				CLANG_WARN_DEPRECATED_OBJC_IMPLEMENTATIONS = YES;
				CLANG_WARN_DIRECT_OBJC_ISA_USAGE = YES_ERROR;
				CLANG_WARN_DOCUMENTATION_COMMENTS = YES;
				CLANG_WARN_EMPTY_BODY = YES;
				CLANG_WARN_ENUM_CONVERSION = YES;
				CLANG_WARN_INFINITE_RECURSION = YES;
				CLANG_WARN_INT_CONVERSION = YES;
				CLANG_WARN_NON_LITERAL_NULL_CONVERSION = YES;
				CLANG_WARN_OBJC_IMPLICIT_RETAIN_SELF = YES;
				CLANG_WARN_OBJC_LITERAL_CONVERSION = YES;
				CLANG_WARN_OBJC_ROOT_CLASS = YES_ERROR;
				CLANG_WARN_QUOTED_INCLUDE_IN_FRAMEWORK_HEADER = YES;
				CLANG_WARN_RANGE_LOOP_ANALYSIS = YES;
				CLANG_WARN_STRICT_PROTOTYPES = YES;
				CLANG_WARN_SUSPICIOUS_MOVE = YES;
				CLANG_WARN_UNGUARDED_AVAILABILITY = YES_AGGRESSIVE;
				CLANG_WARN_UNREACHABLE_CODE = YES;
				CLANG_WARN__DUPLICATE_METHOD_MATCH = YES;
				COPY_PHASE_STRIP = NO;
				DEBUG_INFORMATION_FORMAT = dwarf;
				ENABLE_STRICT_OBJC_MSGSEND = YES;
				ENABLE_TESTABILITY = YES;
				GCC_C_LANGUAGE_STANDARD = gnu11;
				GCC_DYNAMIC_NO_PIC = NO;
				GCC_NO_COMMON_BLOCKS = YES;
				GCC_OPTIMIZATION_LEVEL = 0;
				GCC_PREPROCESSOR_DEFINITIONS = (
					"DEBUG=1",
					"$(inherited)",
				);
				GCC_WARN_64_TO_32_BIT_CONVERSION = YES;
				GCC_WARN_ABOUT_RETURN_TYPE = YES_ERROR;
				GCC_WARN_UNDECLARED_SELECTOR = YES;
				GCC_WARN_UNINITIALIZED_AUTOS = YES_AGGRESSIVE;
				GCC_WARN_UNUSED_FUNCTION = YES;
				GCC_WARN_UNUSED_VARIABLE = YES;
				MTL_ENABLE_DEBUG_INFO = INCLUDE_SOURCE;
				MTL_FAST_MATH = YES;
				ONLY_ACTIVE_ARCH = YES;
				SWIFT_ACTIVE_COMPILATION_CONDITIONS = DEBUG;
				SWIFT_OPTIMIZATION_LEVEL = "-Onone";
			};
			name = Debug;
		};
		CD4B7419265F20230003DA85 /* Release */ = {
			isa = XCBuildConfiguration;
			buildSettings = {
				ALWAYS_SEARCH_USER_PATHS = NO;
				CLANG_ANALYZER_NONNULL = YES;
				CLANG_ANALYZER_NUMBER_OBJECT_CONVERSION = YES_AGGRESSIVE;
				CLANG_CXX_LANGUAGE_STANDARD = "gnu++14";
				CLANG_CXX_LIBRARY = "libc++";
				CLANG_ENABLE_MODULES = YES;
				CLANG_ENABLE_OBJC_ARC = YES;
				CLANG_ENABLE_OBJC_WEAK = YES;
				CLANG_WARN_BLOCK_CAPTURE_AUTORELEASING = YES;
				CLANG_WARN_BOOL_CONVERSION = YES;
				CLANG_WARN_COMMA = YES;
				CLANG_WARN_CONSTANT_CONVERSION = YES;
				CLANG_WARN_DEPRECATED_OBJC_IMPLEMENTATIONS = YES;
				CLANG_WARN_DIRECT_OBJC_ISA_USAGE = YES_ERROR;
				CLANG_WARN_DOCUMENTATION_COMMENTS = YES;
				CLANG_WARN_EMPTY_BODY = YES;
				CLANG_WARN_ENUM_CONVERSION = YES;
				CLANG_WARN_INFINITE_RECURSION = YES;
				CLANG_WARN_INT_CONVERSION = YES;
				CLANG_WARN_NON_LITERAL_NULL_CONVERSION = YES;
				CLANG_WARN_OBJC_IMPLICIT_RETAIN_SELF = YES;
				CLANG_WARN_OBJC_LITERAL_CONVERSION = YES;
				CLANG_WARN_OBJC_ROOT_CLASS = YES_ERROR;
				CLANG_WARN_QUOTED_INCLUDE_IN_FRAMEWORK_HEADER = YES;
				CLANG_WARN_RANGE_LOOP_ANALYSIS = YES;
				CLANG_WARN_STRICT_PROTOTYPES = YES;
				CLANG_WARN_SUSPICIOUS_MOVE = YES;
				CLANG_WARN_UNGUARDED_AVAILABILITY = YES_AGGRESSIVE;
				CLANG_WARN_UNREACHABLE_CODE = YES;
				CLANG_WARN__DUPLICATE_METHOD_MATCH = YES;
				COPY_PHASE_STRIP = NO;
				DEBUG_INFORMATION_FORMAT = "dwarf-with-dsym";
				ENABLE_NS_ASSERTIONS = NO;
				ENABLE_STRICT_OBJC_MSGSEND = YES;
				GCC_C_LANGUAGE_STANDARD = gnu11;
				GCC_NO_COMMON_BLOCKS = YES;
				GCC_WARN_64_TO_32_BIT_CONVERSION = YES;
				GCC_WARN_ABOUT_RETURN_TYPE = YES_ERROR;
				GCC_WARN_UNDECLARED_SELECTOR = YES;
				GCC_WARN_UNINITIALIZED_AUTOS = YES_AGGRESSIVE;
				GCC_WARN_UNUSED_FUNCTION = YES;
				GCC_WARN_UNUSED_VARIABLE = YES;
				MTL_ENABLE_DEBUG_INFO = NO;
				MTL_FAST_MATH = YES;
				SWIFT_COMPILATION_MODE = wholemodule;
				SWIFT_OPTIMIZATION_LEVEL = "-O";
			};
			name = Release;
		};
		CD4B741B265F20230003DA85 /* Debug */ = {
			isa = XCBuildConfiguration;
			buildSettings = {
				ASSETCATALOG_COMPILER_APPICON_NAME = AppIcon;
				ASSETCATALOG_COMPILER_GLOBAL_ACCENT_COLOR_NAME = AccentColor;
				CODE_SIGN_STYLE = Automatic;
				DEVELOPMENT_TEAM = 3NY9C5X66Z;
				ENABLE_PREVIEWS = YES;
				INFOPLIST_FILE = iOS/Info.plist;
				IPHONEOS_DEPLOYMENT_TARGET = 14.0;
				LD_RUNPATH_SEARCH_PATHS = (
					"$(inherited)",
					"@executable_path/Frameworks",
				);
				PRODUCT_BUNDLE_IDENTIFIER = com.patrickhirsh.Ambience;
				PRODUCT_NAME = Ambience;
				SDKROOT = iphoneos;
				SWIFT_VERSION = 5.0;
				TARGETED_DEVICE_FAMILY = "1,2";
			};
			name = Debug;
		};
		CD4B741C265F20230003DA85 /* Release */ = {
			isa = XCBuildConfiguration;
			buildSettings = {
				ASSETCATALOG_COMPILER_APPICON_NAME = AppIcon;
				ASSETCATALOG_COMPILER_GLOBAL_ACCENT_COLOR_NAME = AccentColor;
				CODE_SIGN_STYLE = Automatic;
				DEVELOPMENT_TEAM = 3NY9C5X66Z;
				ENABLE_PREVIEWS = YES;
				INFOPLIST_FILE = iOS/Info.plist;
				IPHONEOS_DEPLOYMENT_TARGET = 14.0;
				LD_RUNPATH_SEARCH_PATHS = (
					"$(inherited)",
					"@executable_path/Frameworks",
				);
				PRODUCT_BUNDLE_IDENTIFIER = com.patrickhirsh.Ambience;
				PRODUCT_NAME = Ambience;
				SDKROOT = iphoneos;
				SWIFT_VERSION = 5.0;
				TARGETED_DEVICE_FAMILY = "1,2";
				VALIDATE_PRODUCT = YES;
			};
			name = Release;
		};
		CD4B741E265F20230003DA85 /* Debug */ = {
			isa = XCBuildConfiguration;
			buildSettings = {
				ASSETCATALOG_COMPILER_APPICON_NAME = AppIcon;
				ASSETCATALOG_COMPILER_GLOBAL_ACCENT_COLOR_NAME = AccentColor;
				CODE_SIGN_ENTITLEMENTS = macOS/macOS.entitlements;
				CODE_SIGN_STYLE = Automatic;
				COMBINE_HIDPI_IMAGES = YES;
				DEVELOPMENT_TEAM = 3NY9C5X66Z;
				ENABLE_HARDENED_RUNTIME = YES;
				ENABLE_PREVIEWS = YES;
				INFOPLIST_FILE = macOS/Info.plist;
				LD_RUNPATH_SEARCH_PATHS = (
					"$(inherited)",
					"@executable_path/../Frameworks",
				);
				MACOSX_DEPLOYMENT_TARGET = 11.0;
				PRODUCT_BUNDLE_IDENTIFIER = com.patrickhirsh.Ambience;
				PRODUCT_NAME = Ambience;
				SDKROOT = macosx;
				SWIFT_VERSION = 5.0;
			};
			name = Debug;
		};
		CD4B741F265F20230003DA85 /* Release */ = {
			isa = XCBuildConfiguration;
			buildSettings = {
				ASSETCATALOG_COMPILER_APPICON_NAME = AppIcon;
				ASSETCATALOG_COMPILER_GLOBAL_ACCENT_COLOR_NAME = AccentColor;
				CODE_SIGN_ENTITLEMENTS = macOS/macOS.entitlements;
				CODE_SIGN_STYLE = Automatic;
				COMBINE_HIDPI_IMAGES = YES;
				DEVELOPMENT_TEAM = 3NY9C5X66Z;
				ENABLE_HARDENED_RUNTIME = YES;
				ENABLE_PREVIEWS = YES;
				INFOPLIST_FILE = macOS/Info.plist;
				LD_RUNPATH_SEARCH_PATHS = (
					"$(inherited)",
					"@executable_path/../Frameworks",
				);
				MACOSX_DEPLOYMENT_TARGET = 11.0;
				PRODUCT_BUNDLE_IDENTIFIER = com.patrickhirsh.Ambience;
				PRODUCT_NAME = Ambience;
				SDKROOT = macosx;
				SWIFT_VERSION = 5.0;
			};
			name = Release;
		};
/* End XCBuildConfiguration section */

/* Begin XCConfigurationList section */
		CD4B73FD265F20210003DA85 /* Build configuration list for PBXProject "Ambience" */ = {
			isa = XCConfigurationList;
			buildConfigurations = (
				CD4B7418265F20230003DA85 /* Debug */,
				CD4B7419265F20230003DA85 /* Release */,
			);
			defaultConfigurationIsVisible = 0;
			defaultConfigurationName = Release;
		};
		CD4B741A265F20230003DA85 /* Build configuration list for PBXNativeTarget "Ambience (iOS)" */ = {
			isa = XCConfigurationList;
			buildConfigurations = (
				CD4B741B265F20230003DA85 /* Debug */,
				CD4B741C265F20230003DA85 /* Release */,
			);
			defaultConfigurationIsVisible = 0;
			defaultConfigurationName = Release;
		};
		CD4B741D265F20230003DA85 /* Build configuration list for PBXNativeTarget "Ambience (macOS)" */ = {
			isa = XCConfigurationList;
			buildConfigurations = (
				CD4B741E265F20230003DA85 /* Debug */,
				CD4B741F265F20230003DA85 /* Release */,
			);
			defaultConfigurationIsVisible = 0;
			defaultConfigurationName = Release;
		};
/* End XCConfigurationList section */
	};
	rootObject = CD4B73FA265F20210003DA85 /* Project object */;
}
