// !$*UTF8*$!
{
	archiveVersion = 1;
	classes = {
	};
	objectVersion = 50;
	objects = {

/* Begin PBXBuildFile section */
		CD4B742D265F47320003DA85 /* AmbienceApp.swift in Sources */ = {isa = PBXBuildFile; fileRef = CD4B742C265F47320003DA85 /* AmbienceApp.swift */; };
		CD4B742F265F47320003DA85 /* ContentView.swift in Sources */ = {isa = PBXBuildFile; fileRef = CD4B742E265F47320003DA85 /* ContentView.swift */; };
		CD4B7431265F47340003DA85 /* Assets.xcassets in Resources */ = {isa = PBXBuildFile; fileRef = CD4B7430265F47340003DA85 /* Assets.xcassets */; };
		CD4B7434265F47340003DA85 /* Preview Assets.xcassets in Resources */ = {isa = PBXBuildFile; fileRef = CD4B7433265F47340003DA85 /* Preview Assets.xcassets */; };
		CD4B743E26685C860003DA85 /* AmbienceDevice.swift in Sources */ = {isa = PBXBuildFile; fileRef = CD4B743D26685C860003DA85 /* AmbienceDevice.swift */; };
		CD4B7440266861EF0003DA85 /* Ambience.swift in Sources */ = {isa = PBXBuildFile; fileRef = CD4B743F266861EF0003DA85 /* Ambience.swift */; };
/* End PBXBuildFile section */

/* Begin PBXFileReference section */
		CD4B7429265F47320003DA85 /* Ambience.app */ = {isa = PBXFileReference; explicitFileType = wrapper.application; includeInIndex = 0; path = Ambience.app; sourceTree = BUILT_PRODUCTS_DIR; };
		CD4B742C265F47320003DA85 /* AmbienceApp.swift */ = {isa = PBXFileReference; lastKnownFileType = sourcecode.swift; path = AmbienceApp.swift; sourceTree = "<group>"; };
		CD4B742E265F47320003DA85 /* ContentView.swift */ = {isa = PBXFileReference; lastKnownFileType = sourcecode.swift; path = ContentView.swift; sourceTree = "<group>"; };
		CD4B7430265F47340003DA85 /* Assets.xcassets */ = {isa = PBXFileReference; lastKnownFileType = folder.assetcatalog; path = Assets.xcassets; sourceTree = "<group>"; };
		CD4B7433265F47340003DA85 /* Preview Assets.xcassets */ = {isa = PBXFileReference; lastKnownFileType = folder.assetcatalog; path = "Preview Assets.xcassets"; sourceTree = "<group>"; };
		CD4B7435265F47340003DA85 /* Info.plist */ = {isa = PBXFileReference; lastKnownFileType = text.plist.xml; path = Info.plist; sourceTree = "<group>"; };
		CD4B743D26685C860003DA85 /* AmbienceDevice.swift */ = {isa = PBXFileReference; lastKnownFileType = sourcecode.swift; path = AmbienceDevice.swift; sourceTree = "<group>"; };
		CD4B743F266861EF0003DA85 /* Ambience.swift */ = {isa = PBXFileReference; lastKnownFileType = sourcecode.swift; path = Ambience.swift; sourceTree = "<group>"; };
/* End PBXFileReference section */

/* Begin PBXFrameworksBuildPhase section */
		CD4B7426265F47320003DA85 /* Frameworks */ = {
			isa = PBXFrameworksBuildPhase;
			buildActionMask = 2147483647;
			files = (
			);
			runOnlyForDeploymentPostprocessing = 0;
		};
/* End PBXFrameworksBuildPhase section */

/* Begin PBXGroup section */
		CD4B7420265F47320003DA85 = {
			isa = PBXGroup;
			children = (
				CD4B742B265F47320003DA85 /* Ambience */,
				CD4B742A265F47320003DA85 /* Products */,
			);
			sourceTree = "<group>";
		};
		CD4B742A265F47320003DA85 /* Products */ = {
			isa = PBXGroup;
			children = (
				CD4B7429265F47320003DA85 /* Ambience.app */,
			);
			name = Products;
			sourceTree = "<group>";
		};
		CD4B742B265F47320003DA85 /* Ambience */ = {
			isa = PBXGroup;
			children = (
				CD4B742C265F47320003DA85 /* AmbienceApp.swift */,
				CD4B743D26685C860003DA85 /* AmbienceDevice.swift */,
				CD4B743F266861EF0003DA85 /* Ambience.swift */,
				CD4B742E265F47320003DA85 /* ContentView.swift */,
				CD4B7430265F47340003DA85 /* Assets.xcassets */,
				CD4B7435265F47340003DA85 /* Info.plist */,
				CD4B7432265F47340003DA85 /* Preview Content */,
			);
			path = Ambience;
			sourceTree = "<group>";
		};
		CD4B7432265F47340003DA85 /* Preview Content */ = {
			isa = PBXGroup;
			children = (
				CD4B7433265F47340003DA85 /* Preview Assets.xcassets */,
			);
			path = "Preview Content";
			sourceTree = "<group>";
		};
/* End PBXGroup section */

/* Begin PBXNativeTarget section */
		CD4B7428265F47320003DA85 /* Ambience */ = {
			isa = PBXNativeTarget;
			buildConfigurationList = CD4B7438265F47340003DA85 /* Build configuration list for PBXNativeTarget "Ambience" */;
			buildPhases = (
				CD4B7425265F47320003DA85 /* Sources */,
				CD4B7426265F47320003DA85 /* Frameworks */,
				CD4B7427265F47320003DA85 /* Resources */,
			);
			buildRules = (
			);
			dependencies = (
			);
			name = Ambience;
			productName = Ambience;
			productReference = CD4B7429265F47320003DA85 /* Ambience.app */;
			productType = "com.apple.product-type.application";
		};
/* End PBXNativeTarget section */

/* Begin PBXProject section */
		CD4B7421265F47320003DA85 /* Project object */ = {
			isa = PBXProject;
			attributes = {
				LastSwiftUpdateCheck = 1250;
				LastUpgradeCheck = 1250;
				TargetAttributes = {
					CD4B7428265F47320003DA85 = {
						CreatedOnToolsVersion = 12.5;
					};
				};
			};
			buildConfigurationList = CD4B7424265F47320003DA85 /* Build configuration list for PBXProject "Ambience" */;
			compatibilityVersion = "Xcode 9.3";
			developmentRegion = en;
			hasScannedForEncodings = 0;
			knownRegions = (
				en,
				Base,
			);
			mainGroup = CD4B7420265F47320003DA85;
			productRefGroup = CD4B742A265F47320003DA85 /* Products */;
			projectDirPath = "";
			projectRoot = "";
			targets = (
				CD4B7428265F47320003DA85 /* Ambience */,
			);
		};
/* End PBXProject section */

/* Begin PBXResourcesBuildPhase section */
		CD4B7427265F47320003DA85 /* Resources */ = {
			isa = PBXResourcesBuildPhase;
			buildActionMask = 2147483647;
			files = (
				CD4B7434265F47340003DA85 /* Preview Assets.xcassets in Resources */,
				CD4B7431265F47340003DA85 /* Assets.xcassets in Resources */,
			);
			runOnlyForDeploymentPostprocessing = 0;
		};
/* End PBXResourcesBuildPhase section */

/* Begin PBXSourcesBuildPhase section */
		CD4B7425265F47320003DA85 /* Sources */ = {
			isa = PBXSourcesBuildPhase;
			buildActionMask = 2147483647;
			files = (
				CD4B742F265F47320003DA85 /* ContentView.swift in Sources */,
				CD4B7440266861EF0003DA85 /* Ambience.swift in Sources */,
				CD4B742D265F47320003DA85 /* AmbienceApp.swift in Sources */,
				CD4B743E26685C860003DA85 /* AmbienceDevice.swift in Sources */,
			);
			runOnlyForDeploymentPostprocessing = 0;
		};
/* End PBXSourcesBuildPhase section */

/* Begin XCBuildConfiguration section */
		CD4B7436265F47340003DA85 /* Debug */ = {
			isa = XCBuildConfiguration;
			buildSettings = {
				ALWAYS_SEARCH_USER_PATHS = NO;
				CLANG_ANALYZER_NONNULL = YES;
				CLANG_ANALYZER_NUMBER_OBJECT_CONVERSION = YES_AGGRESSIVE;
				CLANG_CXX_LANGUAGE_STANDARD = "gnu++14";
				CLANG_CXX_LIBRARY = "libc++";
				CLANG_ENABLE_MODULES = YES;
				CLANG_ENABLE_OBJC_ARC = YES;
				CLANG_ENABLE_OBJC_WEAK = YES;
				CLANG_WARN_BLOCK_CAPTURE_AUTORELEASING = YES;
				CLANG_WARN_BOOL_CONVERSION = YES;
				CLANG_WARN_COMMA = YES;
				CLANG_WARN_CONSTANT_CONVERSION = YES;
				CLANG_WARN_DEPRECATED_OBJC_IMPLEMENTATIONS = YES;
				CLANG_WARN_DIRECT_OBJC_ISA_USAGE = YES_ERROR;
				CLANG_WARN_DOCUMENTATION_COMMENTS = YES;
				CLANG_WARN_EMPTY_BODY = YES;
				CLANG_WARN_ENUM_CONVERSION = YES;
				CLANG_WARN_INFINITE_RECURSION = YES;
				CLANG_WARN_INT_CONVERSION = YES;
				CLANG_WARN_NON_LITERAL_NULL_CONVERSION = YES;
				CLANG_WARN_OBJC_IMPLICIT_RETAIN_SELF = YES;
				CLANG_WARN_OBJC_LITERAL_CONVERSION = YES;
				CLANG_WARN_OBJC_ROOT_CLASS = YES_ERROR;
				CLANG_WARN_QUOTED_INCLUDE_IN_FRAMEWORK_HEADER = YES;
				CLANG_WARN_RANGE_LOOP_ANALYSIS = YES;
				CLANG_WARN_STRICT_PROTOTYPES = YES;
				CLANG_WARN_SUSPICIOUS_MOVE = YES;
				CLANG_WARN_UNGUARDED_AVAILABILITY = YES_AGGRESSIVE;
				CLANG_WARN_UNREACHABLE_CODE = YES;
				CLANG_WARN__DUPLICATE_METHOD_MATCH = YES;
				COPY_PHASE_STRIP = NO;
				DEBUG_INFORMATION_FORMAT = dwarf;
				ENABLE_STRICT_OBJC_MSGSEND = YES;
				ENABLE_TESTABILITY = YES;
				GCC_C_LANGUAGE_STANDARD = gnu11;
				GCC_DYNAMIC_NO_PIC = NO;
				GCC_NO_COMMON_BLOCKS = YES;
				GCC_OPTIMIZATION_LEVEL = 0;
				GCC_PREPROCESSOR_DEFINITIONS = (
					"DEBUG=1",
					"$(inherited)",
				);
				GCC_WARN_64_TO_32_BIT_CONVERSION = YES;
				GCC_WARN_ABOUT_RETURN_TYPE = YES_ERROR;
				GCC_WARN_UNDECLARED_SELECTOR = YES;
				GCC_WARN_UNINITIALIZED_AUTOS = YES_AGGRESSIVE;
				GCC_WARN_UNUSED_FUNCTION = YES;
				GCC_WARN_UNUSED_VARIABLE = YES;
				IPHONEOS_DEPLOYMENT_TARGET = 14.5;
				MTL_ENABLE_DEBUG_INFO = INCLUDE_SOURCE;
				MTL_FAST_MATH = YES;
				ONLY_ACTIVE_ARCH = YES;
				SDKROOT = iphoneos;
				SWIFT_ACTIVE_COMPILATION_CONDITIONS = DEBUG;
				SWIFT_OPTIMIZATION_LEVEL = "-Onone";
			};
			name = Debug;
		};
		CD4B7437265F47340003DA85 /* Release */ = {
			isa = XCBuildConfiguration;
			buildSettings = {
				ALWAYS_SEARCH_USER_PATHS = NO;
				CLANG_ANALYZER_NONNULL = YES;
				CLANG_ANALYZER_NUMBER_OBJECT_CONVERSION = YES_AGGRESSIVE;
				CLANG_CXX_LANGUAGE_STANDARD = "gnu++14";
				CLANG_CXX_LIBRARY = "libc++";
				CLANG_ENABLE_MODULES = YES;
				CLANG_ENABLE_OBJC_ARC = YES;
				CLANG_ENABLE_OBJC_WEAK = YES;
				CLANG_WARN_BLOCK_CAPTURE_AUTORELEASING = YES;
				CLANG_WARN_BOOL_CONVERSION = YES;
				CLANG_WARN_COMMA = YES;
				CLANG_WARN_CONSTANT_CONVERSION = YES;
				CLANG_WARN_DEPRECATED_OBJC_IMPLEMENTATIONS = YES;
				CLANG_WARN_DIRECT_OBJC_ISA_USAGE = YES_ERROR;
				CLANG_WARN_DOCUMENTATION_COMMENTS = YES;
				CLANG_WARN_EMPTY_BODY = YES;
				CLANG_WARN_ENUM_CONVERSION = YES;
				CLANG_WARN_INFINITE_RECURSION = YES;
				CLANG_WARN_INT_CONVERSION = YES;
				CLANG_WARN_NON_LITERAL_NULL_CONVERSION = YES;
				CLANG_WARN_OBJC_IMPLICIT_RETAIN_SELF = YES;
				CLANG_WARN_OBJC_LITERAL_CONVERSION = YES;
				CLANG_WARN_OBJC_ROOT_CLASS = YES_ERROR;
				CLANG_WARN_QUOTED_INCLUDE_IN_FRAMEWORK_HEADER = YES;
				CLANG_WARN_RANGE_LOOP_ANALYSIS = YES;
				CLANG_WARN_STRICT_PROTOTYPES = YES;
				CLANG_WARN_SUSPICIOUS_MOVE = YES;
				CLANG_WARN_UNGUARDED_AVAILABILITY = YES_AGGRESSIVE;
				CLANG_WARN_UNREACHABLE_CODE = YES;
				CLANG_WARN__DUPLICATE_METHOD_MATCH = YES;
				COPY_PHASE_STRIP = NO;
				DEBUG_INFORMATION_FORMAT = "dwarf-with-dsym";
				ENABLE_NS_ASSERTIONS = NO;
				ENABLE_STRICT_OBJC_MSGSEND = YES;
				GCC_C_LANGUAGE_STANDARD = gnu11;
				GCC_NO_COMMON_BLOCKS = YES;
				GCC_WARN_64_TO_32_BIT_CONVERSION = YES;
				GCC_WARN_ABOUT_RETURN_TYPE = YES_ERROR;
				GCC_WARN_UNDECLARED_SELECTOR = YES;
				GCC_WARN_UNINITIALIZED_AUTOS = YES_AGGRESSIVE;
				GCC_WARN_UNUSED_FUNCTION = YES;
				GCC_WARN_UNUSED_VARIABLE = YES;
				IPHONEOS_DEPLOYMENT_TARGET = 14.5;
				MTL_ENABLE_DEBUG_INFO = NO;
				MTL_FAST_MATH = YES;
				SDKROOT = iphoneos;
				SWIFT_COMPILATION_MODE = wholemodule;
				SWIFT_OPTIMIZATION_LEVEL = "-O";
				VALIDATE_PRODUCT = YES;
			};
			name = Release;
		};
		CD4B7439265F47340003DA85 /* Debug */ = {
			isa = XCBuildConfiguration;
			buildSettings = {
				ASSETCATALOG_COMPILER_APPICON_NAME = AppIcon;
				ASSETCATALOG_COMPILER_GLOBAL_ACCENT_COLOR_NAME = AccentColor;
				CODE_SIGN_STYLE = Automatic;
				DEVELOPMENT_ASSET_PATHS = "\"Ambience/Preview Content\"";
				DEVELOPMENT_TEAM = 3NY9C5X66Z;
				ENABLE_PREVIEWS = YES;
				INFOPLIST_FILE = Ambience/Info.plist;
				IPHONEOS_DEPLOYMENT_TARGET = 14.0;
				LD_RUNPATH_SEARCH_PATHS = (
					"$(inherited)",
					"@executable_path/Frameworks",
				);
				PRODUCT_BUNDLE_IDENTIFIER = com.patrickhirsh.Ambience;
				PRODUCT_NAME = "$(TARGET_NAME)";
				SWIFT_VERSION = 5.0;
				TARGETED_DEVICE_FAMILY = "1,2";
			};
			name = Debug;
		};
		CD4B743A265F47340003DA85 /* Release */ = {
			isa = XCBuildConfiguration;
			buildSettings = {
				ASSETCATALOG_COMPILER_APPICON_NAME = AppIcon;
				ASSETCATALOG_COMPILER_GLOBAL_ACCENT_COLOR_NAME = AccentColor;
				CODE_SIGN_STYLE = Automatic;
				DEVELOPMENT_ASSET_PATHS = "\"Ambience/Preview Content\"";
				DEVELOPMENT_TEAM = 3NY9C5X66Z;
				ENABLE_PREVIEWS = YES;
				INFOPLIST_FILE = Ambience/Info.plist;
				IPHONEOS_DEPLOYMENT_TARGET = 14.0;
				LD_RUNPATH_SEARCH_PATHS = (
					"$(inherited)",
					"@executable_path/Frameworks",
				);
				PRODUCT_BUNDLE_IDENTIFIER = com.patrickhirsh.Ambience;
				PRODUCT_NAME = "$(TARGET_NAME)";
				SWIFT_VERSION = 5.0;
				TARGETED_DEVICE_FAMILY = "1,2";
			};
			name = Release;
		};
/* End XCBuildConfiguration section */

/* Begin XCConfigurationList section */
		CD4B7424265F47320003DA85 /* Build configuration list for PBXProject "Ambience" */ = {
			isa = XCConfigurationList;
			buildConfigurations = (
				CD4B7436265F47340003DA85 /* Debug */,
				CD4B7437265F47340003DA85 /* Release */,
			);
			defaultConfigurationIsVisible = 0;
			defaultConfigurationName = Release;
		};
		CD4B7438265F47340003DA85 /* Build configuration list for PBXNativeTarget "Ambience" */ = {
			isa = XCConfigurationList;
			buildConfigurations = (
				CD4B7439265F47340003DA85 /* Debug */,
				CD4B743A265F47340003DA85 /* Release */,
			);
			defaultConfigurationIsVisible = 0;
			defaultConfigurationName = Release;
		};
/* End XCConfigurationList section */
	};
	rootObject = CD4B7421265F47320003DA85 /* Project object */;
}
